
Microsoft Visual Studio Solution File, Format Version 12.00
# Visual Studio Version 17
VisualStudioVersion = 17.5.002.0
MinimumVisualStudioVersion = 10.0.40219.1
Project("{9A19103F-16F7-4668-BE54-9A1E7A4F7556}") = "CRUD_ADONET", "CRUD_ADONET.csproj", "{9FED24F8-74AC-4643-B0BF-D8EF96B457EE}"
EndProject
Global
	GlobalSection(SolutionConfigurationPlatforms) = preSolution
		Debug|Any CPU = Debug|Any CPU
		Release|Any CPU = Release|Any CPU
	EndGlobalSection
	GlobalSection(ProjectConfigurationPlatforms) = postSolution
		{9FED24F8-74AC-4643-B0BF-D8EF96B457EE}.Debug|Any CPU.ActiveCfg = Debug|Any CPU
		{9FED24F8-74AC-4643-B0BF-D8EF96B457EE}.Debug|Any CPU.Build.0 = Debug|Any CPU
		{9FED24F8-74AC-4643-B0BF-D8EF96B457EE}.Release|Any CPU.ActiveCfg = Release|Any CPU
		{9FED24F8-74AC-4643-B0BF-D8EF96B457EE}.Release|Any CPU.Build.0 = Release|Any CPU
	EndGlobalSection
	GlobalSection(SolutionProperties) = preSolution
		HideSolutionNode = FALSE
	EndGlobalSection
	GlobalSection(ExtensibilityGlobals) = postSolution
		SolutionGuid = {BE110FCE-42D4-4744-834E-573C8FCBECBB}
	EndGlobalSection
EndGlobal
